{
    "name": "dc-sync-time",
    "version": "1.0.0",
    "lockfileVersion": 3,
    "requires": true,
    "packages": {
        "": {
            "name": "dc-sync-time",
            "version": "1.0.0",
            "license": "ISC",
            "dependencies": {
                "dc-db-local": "file:../database/local",
                "dc-db-smdb": "file:../database/smdb",
                "dc-logger": "file:../logger",
                "dotenv": "^16.5.0",
                "eventsource": "^3.0.7"
            },
            "devDependencies": {
                "@types/node": "^22.15.18",
                "typescript": "^5.8.3"
            }
        },
        "../database/local": {
            "name": "dc-db-local",
            "version": "1.0.0",
            "license": "ISC",
            "dependencies": {
                "@prisma/client": "^6.8.0",
                "dotenv": "^16.5.0"
            },
            "devDependencies": {
                "@types/node": "^22.15.18",
                "prisma": "^6.8.0",
                "typescript": "^5.8.3"
            }
        },
        "../database/smdb": {
            "name": "dc-db-smdb",
            "version": "1.0.0",
            "dependencies": {
                "@prisma/client": "^6.8.0",
                "dc-db-local": "file:../local",
                "dotenv": "^16.5.0"
            },
            "devDependencies": {
                "@types/node": "^22.15.18",
                "prisma": "^6.8.0",
                "typescript": "^5.8.3"
            }
        },
        "../logger": {
            "name": "dc-logger",
            "version": "1.0.0",
            "license": "ISC",
            "dependencies": {
                "dotenv": "^16.5.0",
                "pino": "^9.6.0",
                "pino-pretty": "^13.0.0"
            },
            "devDependencies": {
                "@types/node": "^22.15.18",
                "typescript": "^5.8.3"
            }
        },
        "node_modules/@types/node": {
            "version": "22.15.18",
            "resolved": "https://registry.npmjs.org/@types/node/-/node-22.15.18.tgz",
            "integrity": "sha512-v1DKRfUdyW+jJhZNEI1PYy29S2YRxMV5AOO/x/SjKmW0acCIOqmbj6Haf9eHAhsPmrhlHSxEhv/1WszcLWV4cg==",
            "dev": true,
            "license": "MIT",
            "dependencies": {
                "undici-types": "~6.21.0"
            }
        },
        "node_modules/dc-db-local": {
            "resolved": "../database/local",
            "link": true
        },
        "node_modules/dc-db-smdb": {
            "resolved": "../database/smdb",
            "link": true
        },
        "node_modules/dc-logger": {
            "resolved": "../logger",
            "link": true
        },
        "node_modules/dotenv": {
            "version": "16.5.0",
            "resolved": "https://registry.npmjs.org/dotenv/-/dotenv-16.5.0.tgz",
            "integrity": "sha512-m/C+AwOAr9/W1UOIZUo232ejMNnJAJtYQjUbHoNTBNTJSvqzzDh7vnrei3o3r3m9blf6ZoDkvcw0VmozNRFJxg==",
            "license": "BSD-2-Clause",
            "engines": {
                "node": ">=12"
            },
            "funding": {
                "url": "https://dotenvx.com"
            }
        },
        "node_modules/eventsource": {
            "version": "3.0.7",
            "resolved": "https://registry.npmjs.org/eventsource/-/eventsource-3.0.7.tgz",
            "integrity": "sha512-CRT1WTyuQoD771GW56XEZFQ/ZoSfWid1alKGDYMmkt2yl8UXrVR4pspqWNEcqKvVIzg6PAltWjxcSSPrboA4iA==",
            "license": "MIT",
            "dependencies": {
                "eventsource-parser": "^3.0.1"
            },
            "engines": {
                "node": ">=18.0.0"
            }
        },
        "node_modules/eventsource-parser": {
            "version": "3.0.2",
            "resolved": "https://registry.npmjs.org/eventsource-parser/-/eventsource-parser-3.0.2.tgz",
            "integrity": "sha512-6RxOBZ/cYgd8usLwsEl+EC09Au/9BcmCKYF2/xbml6DNczf7nv0MQb+7BA2F+li6//I+28VNlQR37XfQtcAJuA==",
            "license": "MIT",
            "engines": {
                "node": ">=18.0.0"
            }
        },
        "node_modules/typescript": {
            "version": "5.8.3",
            "resolved": "https://registry.npmjs.org/typescript/-/typescript-5.8.3.tgz",
            "integrity": "sha512-p1diW6TqL9L07nNxvRMM7hMMw4c5XOo/1ibL4aAIGmSAt9slTE1Xgw5KWuof2uTOvCg9BY7ZRi+GaF+7sfgPeQ==",
            "dev": true,
            "license": "Apache-2.0",
            "bin": {
                "tsc": "bin/tsc",
                "tsserver": "bin/tsserver"
            },
            "engines": {
                "node": ">=14.17"
            }
        },
        "node_modules/undici-types": {
            "version": "6.21.0",
            "resolved": "https://registry.npmjs.org/undici-types/-/undici-types-6.21.0.tgz",
            "integrity": "sha512-iwDZqg0QAGrg9Rav5H4n0M64c3mkR59cJ6wQp+7C4nI0gsmExaedaYLNO44eT4AtBBwjbTiGPMlt2Md0T9H9JQ==",
            "dev": true,
            "license": "MIT"
        }
    }
}
